PODS:
  - FunctionalSwift (1.2.0)
  - OHHTTPStubs (8.0.0):
    - OHHTTPStubs/Default (= 8.0.0)
  - OHHTTPStubs/Core (8.0.0)
  - OHHTTPStubs/Default (8.0.0):
    - OHHTTPStubs/Core
    - OHHTTPStubs/JSON
    - OHHTTPStubs/NSURLSession
    - OHHTTPStubs/OHPathHelpers
  - OHHTTPStubs/JSON (8.0.0):
    - OHHTTPStubs/Core
  - OHHTTPStubs/NSURLSession (8.0.0):
    - OHHTTPStubs/Core
  - OHHTTPStubs/OHPathHelpers (8.0.0)
  - YooKassaPaymentsApi (2.5.0):
    - FunctionalSwift (~> 1.2.0)
    - YooMoneyCoreApi (~> 1.9.0)
  - YooMoneyCoreApi (1.9.0):
    - FunctionalSwift (~> 1.2.0)
  - YooMoneyTestInstrumentsApi (2.0.0):
    - FunctionalSwift (~> 1.2.0)
    - OHHTTPStubs (~> 8.0.0)
    - YooMoneyCoreApi (~> 1.9.0)

DEPENDENCIES:
  - YooKassaPaymentsApi (from `./`)
  - YooMoneyTestInstrumentsApi (~> 2.0.0)

SPEC REPOS:
  https://github.com/CocoaPods/Specs.git:
    - FunctionalSwift
    - OHHTTPStubs
    - YooMoneyCoreApi
    - YooMoneyTestInstrumentsApi

EXTERNAL SOURCES:
  YooKassaPaymentsApi:
    :path: "./"

SPEC CHECKSUMS:
  FunctionalSwift: 1b839fcf50b8db067885938df54f818518356dbb
  OHHTTPStubs: 9cbce6364bec557cc3439aa6bb7514670d780881
  YooKassaPaymentsApi: c32f1f256f0d9f7bc69d89348bb480453872337c
  YooMoneyCoreApi: 4f40673a79d11e95af850bb97f264995ac47a873
  YooMoneyTestInstrumentsApi: dab803d47c0f72909719cb53319d25491d0aaba1

PODFILE CHECKSUM: 6b9dae6b59ce2e204d96ae4528efb6ad15da1d56

COCOAPODS: 1.10.0
