PODS:
  - FunctionalSwift (1.7.3)
  - YooKassaPaymentsApi (2.11.0):
    - FunctionalSwift
    - YooMoneyCoreApi (~> 2.0.1)
  - YooMoneyCoreApi (2.0.1):
    - FunctionalSwift (~> 1.7.3)

DEPENDENCIES:
  - YooKassaPaymentsApi (from `./`)

SPEC REPOS:
  "git@github.com:yoomoney/cocoa-pod-specs.git":
    - FunctionalSwift
    - YooMoneyCoreApi

EXTERNAL SOURCES:
  YooKassaPaymentsApi:
    :path: "./"

SPEC CHECKSUMS:
  FunctionalSwift: 856da67cf3fb812341445d4e28f05875904d8da0
  YooKassaPaymentsApi: e3cc486f75dc6c2475595616d0f63beac68773dd
  YooMoneyCoreApi: 80f30f988f1dc19a397baf246db64cbbca077fd6

PODFILE CHECKSUM: f1ce500a6e93deec6d2a51a417190e759231ca8c

COCOAPODS: 1.11.2
